// !$*UTF8*$!
{
	archiveVersion = 1;
	classes = {
	};
	objectVersion = 46;
	objects = {

/* Begin PBXBuildFile section */
		A70884B51BA1F43300758049 /* StomtiOS.framework in Frameworks */ = {isa = PBXBuildFile; fileRef = A70884A91BA1F43300758049 /* StomtiOS.framework */; };
		A70884D41BA1F47400758049 /* Stomt.m in Sources */ = {isa = PBXBuildFile; fileRef = A70884D01BA1F47400758049 /* Stomt.m */; };
		A70884DC1BA1F4A400758049 /* dbg.h in Headers */ = {isa = PBXBuildFile; fileRef = A70884D91BA1F4A400758049 /* dbg.h */; };
		A70884DD1BA1F4A400758049 /* declarations.h in Headers */ = {isa = PBXBuildFile; fileRef = A70884DA1BA1F4A400758049 /* declarations.h */; settings = {ATTRIBUTES = (Public, ); }; };
		A70884DE1BA1F4A400758049 /* block_declarations.h in Headers */ = {isa = PBXBuildFile; fileRef = A70884DB1BA1F4A400758049 /* block_declarations.h */; settings = {ATTRIBUTES = (Public, ); }; };
		A7107E8D1BA2F614001F3B38 /* STUser.h in Headers */ = {isa = PBXBuildFile; fileRef = A7107E8B1BA2F614001F3B38 /* STUser.h */; settings = {ATTRIBUTES = (Public, ); }; };
		A7107E8E1BA2F614001F3B38 /* STUser.m in Sources */ = {isa = PBXBuildFile; fileRef = A7107E8C1BA2F614001F3B38 /* STUser.m */; };
		A71C9E241BC9676800398B0B /* ModalAuthenticationController.h in Headers */ = {isa = PBXBuildFile; fileRef = A71C9E1E1BC9676800398B0B /* ModalAuthenticationController.h */; };
		A71C9E251BC9676800398B0B /* ModalAuthenticationController.m in Sources */ = {isa = PBXBuildFile; fileRef = A71C9E1F1BC9676800398B0B /* ModalAuthenticationController.m */; };
		A71C9E261BC9676800398B0B /* AuthenticationViewController.h in Headers */ = {isa = PBXBuildFile; fileRef = A71C9E201BC9676800398B0B /* AuthenticationViewController.h */; };
		A71C9E271BC9676800398B0B /* AuthenticationViewController.m in Sources */ = {isa = PBXBuildFile; fileRef = A71C9E211BC9676800398B0B /* AuthenticationViewController.m */; };
		A71C9E281BC9676800398B0B /* AuthenticationView.h in Headers */ = {isa = PBXBuildFile; fileRef = A71C9E221BC9676800398B0B /* AuthenticationView.h */; };
		A71C9E291BC9676800398B0B /* AuthenticationView.m in Sources */ = {isa = PBXBuildFile; fileRef = A71C9E231BC9676800398B0B /* AuthenticationView.m */; };
		A7450D471BA4338E00DF83B8 /* STCategory.m in Sources */ = {isa = PBXBuildFile; fileRef = A7450D451BA4338E00DF83B8 /* STCategory.m */; };
		A7450D4A1BA44E9800DF83B8 /* HTTPResponseChecker.h in Headers */ = {isa = PBXBuildFile; fileRef = A7450D481BA44E9800DF83B8 /* HTTPResponseChecker.h */; };
		A7450D4B1BA44E9800DF83B8 /* HTTPResponseChecker.m in Sources */ = {isa = PBXBuildFile; fileRef = A7450D491BA44E9800DF83B8 /* HTTPResponseChecker.m */; };
		A75AF2B31BA88F6700D74B9C /* strings.h in Headers */ = {isa = PBXBuildFile; fileRef = A75AF2B21BA88F6700D74B9C /* strings.h */; };
		A75AF2B61BA893B000D74B9C /* STObject.h in Headers */ = {isa = PBXBuildFile; fileRef = A75AF2B41BA893B000D74B9C /* STObject.h */; settings = {ATTRIBUTES = (Public, ); }; };
		A75AF2B71BA893B000D74B9C /* STObject.m in Sources */ = {isa = PBXBuildFile; fileRef = A75AF2B51BA893B000D74B9C /* STObject.m */; };
		A768D7691BA9DA1600466AFB /* NSDate+ISO8601.h in Headers */ = {isa = PBXBuildFile; fileRef = A768D7671BA9DA1600466AFB /* NSDate+ISO8601.h */; };
		A768D76A1BA9DA1600466AFB /* NSDate+ISO8601.m in Sources */ = {isa = PBXBuildFile; fileRef = A768D7681BA9DA1600466AFB /* NSDate+ISO8601.m */; };
		A768D76E1BA9EB6000466AFB /* STImage.m in Sources */ = {isa = PBXBuildFile; fileRef = A768D76C1BA9EB6000466AFB /* STImage.m */; };
		A76DFE281BC57CC200017C32 /* STImageView.h in Headers */ = {isa = PBXBuildFile; fileRef = A76DFE261BC57CC200017C32 /* STImageView.h */; settings = {ATTRIBUTES = (Public, ); }; };
		A76DFE291BC57CC200017C32 /* STImageView.m in Sources */ = {isa = PBXBuildFile; fileRef = A76DFE271BC57CC200017C32 /* STImageView.m */; };
		A76DFE2C1BC5AF1E00017C32 /* STTarget.m in Sources */ = {isa = PBXBuildFile; fileRef = A76DFE2A1BC5AF1E00017C32 /* STTarget.m */; };
		A76DFE2D1BC5AF1E00017C32 /* STTarget.h in Headers */ = {isa = PBXBuildFile; fileRef = A76DFE2B1BC5AF1E00017C32 /* STTarget.h */; settings = {ATTRIBUTES = (Public, ); }; };
		A76DFE301BC5AF2800017C32 /* StomtRequest.h in Headers */ = {isa = PBXBuildFile; fileRef = A76DFE2E1BC5AF2800017C32 /* StomtRequest.h */; settings = {ATTRIBUTES = (Public, ); }; };
		A76DFE311BC5AF2800017C32 /* StomtRequest.m in Sources */ = {isa = PBXBuildFile; fileRef = A76DFE2F1BC5AF2800017C32 /* StomtRequest.m */; };
		A7833D011BB46B1100A3F13B /* STFeed.m in Sources */ = {isa = PBXBuildFile; fileRef = A7833CFF1BB46B1100A3F13B /* STFeed.m */; };
		A78B2E6D1BA419BC00A9E7D0 /* STStats.h in Headers */ = {isa = PBXBuildFile; fileRef = A78B2E6B1BA419BC00A9E7D0 /* STStats.h */; settings = {ATTRIBUTES = (Public, ); }; };
		A78B2E6E1BA419BC00A9E7D0 /* STStats.m in Sources */ = {isa = PBXBuildFile; fileRef = A78B2E6C1BA419BC00A9E7D0 /* STStats.m */; };
		A7C039A21BB5A340006A8135 /* STSearchFilterKeywords.h in Headers */ = {isa = PBXBuildFile; fileRef = A7C039A01BB5A340006A8135 /* STSearchFilterKeywords.h */; settings = {ATTRIBUTES = (Public, ); }; };
		A7C039A31BB5A340006A8135 /* STSearchFilterKeywords.m in Sources */ = {isa = PBXBuildFile; fileRef = A7C039A11BB5A340006A8135 /* STSearchFilterKeywords.m */; };
		A7C039B81BB6FDCF006A8135 /* STCategory.h in Headers */ = {isa = PBXBuildFile; fileRef = A7C039B71BB6FDCF006A8135 /* STCategory.h */; settings = {ATTRIBUTES = (Public, ); }; };
		A7C039BA1BB6FEA3006A8135 /* STFeed.h in Headers */ = {isa = PBXBuildFile; fileRef = A7C039B91BB6FEA3006A8135 /* STFeed.h */; settings = {ATTRIBUTES = (Public, ); }; };
		A7C039BC1BB6FEB5006A8135 /* STImage.h in Headers */ = {isa = PBXBuildFile; fileRef = A7C039BB1BB6FEB5006A8135 /* STImage.h */; settings = {ATTRIBUTES = (Public, ); }; };
		A7C039BE1BB6FEC1006A8135 /* Stomt.h in Headers */ = {isa = PBXBuildFile; fileRef = A7C039BD1BB6FEC1006A8135 /* Stomt.h */; settings = {ATTRIBUTES = (Public, ); }; };
		A7E248301BC3253E00811B36 /* STCreationViewController.h in Headers */ = {isa = PBXBuildFile; fileRef = A7E2482C1BC3253E00811B36 /* STCreationViewController.h */; };
		A7E248311BC3253E00811B36 /* STCreationViewController.m in Sources */ = {isa = PBXBuildFile; fileRef = A7E2482D1BC3253E00811B36 /* STCreationViewController.m */; };
		A7E248321BC3253E00811B36 /* STCreationView.h in Headers */ = {isa = PBXBuildFile; fileRef = A7E2482E1BC3253E00811B36 /* STCreationView.h */; };
		A7E248331BC3253E00811B36 /* STCreationView.m in Sources */ = {isa = PBXBuildFile; fileRef = A7E2482F1BC3253E00811B36 /* STCreationView.m */; };
		A7E248381BC3254A00811B36 /* STCreationTop.h in Headers */ = {isa = PBXBuildFile; fileRef = A7E248341BC3254A00811B36 /* STCreationTop.h */; };
		A7E2483B1BC3254A00811B36 /* STCreationTop.m in Sources */ = {isa = PBXBuildFile; fileRef = A7E248371BC3254A00811B36 /* STCreationTop.m */; };
		A7E248411BC3255D00811B36 /* STTextView.h in Headers */ = {isa = PBXBuildFile; fileRef = A7E2483D1BC3255D00811B36 /* STTextView.h */; };
		A7E248421BC3255D00811B36 /* STTextView.m in Sources */ = {isa = PBXBuildFile; fileRef = A7E2483E1BC3255D00811B36 /* STTextView.m */; };
		A7E248431BC3255D00811B36 /* STCharCountLabel.h in Headers */ = {isa = PBXBuildFile; fileRef = A7E2483F1BC3255D00811B36 /* STCharCountLabel.h */; };
		A7E248441BC3255D00811B36 /* STCharCountLabel.m in Sources */ = {isa = PBXBuildFile; fileRef = A7E248401BC3255D00811B36 /* STCharCountLabel.m */; };
		A7E2484A1BC3256A00811B36 /* STLikeOrWishView.h in Headers */ = {isa = PBXBuildFile; fileRef = A7E248461BC3256A00811B36 /* STLikeOrWishView.h */; };
		A7E2484B1BC3256A00811B36 /* STLikeOrWishView.m in Sources */ = {isa = PBXBuildFile; fileRef = A7E248471BC3256A00811B36 /* STLikeOrWishView.m */; };
		A7E2484C1BC3256A00811B36 /* STQualifierView.h in Headers */ = {isa = PBXBuildFile; fileRef = A7E248481BC3256A00811B36 /* STQualifierView.h */; };
		A7E2484D1BC3256A00811B36 /* STQualifierView.m in Sources */ = {isa = PBXBuildFile; fileRef = A7E248491BC3256A00811B36 /* STQualifierView.m */; };
		A7E248531BC3257700811B36 /* STTargetDisplayer.h in Headers */ = {isa = PBXBuildFile; fileRef = A7E2484F1BC3257700811B36 /* STTargetDisplayer.h */; };
		A7E248541BC3257700811B36 /* STTargetDisplayer.m in Sources */ = {isa = PBXBuildFile; fileRef = A7E248501BC3257700811B36 /* STTargetDisplayer.m */; };
		A7E248551BC3257700811B36 /* STTargetDisplayerContainer.h in Headers */ = {isa = PBXBuildFile; fileRef = A7E248511BC3257700811B36 /* STTargetDisplayerContainer.h */; };
		A7E248561BC3257700811B36 /* STTargetDisplayerContainer.m in Sources */ = {isa = PBXBuildFile; fileRef = A7E248521BC3257700811B36 /* STTargetDisplayerContainer.m */; };
		A7E2485A1BC3258400811B36 /* STButtonLabel.h in Headers */ = {isa = PBXBuildFile; fileRef = A7E248581BC3258400811B36 /* STButtonLabel.h */; };
		A7E2485B1BC3258400811B36 /* STButtonLabel.m in Sources */ = {isa = PBXBuildFile; fileRef = A7E248591BC3258400811B36 /* STButtonLabel.m */; };
		A7EB48041BC81172008B34C9 /* STTargetNameRectangle.h in Headers */ = {isa = PBXBuildFile; fileRef = A7EB48021BC81172008B34C9 /* STTargetNameRectangle.h */; };
		A7EB48051BC81172008B34C9 /* STTargetNameRectangle.m in Sources */ = {isa = PBXBuildFile; fileRef = A7EB48031BC81172008B34C9 /* STTargetNameRectangle.m */; };
		FEA5D0A41BBC28A500274390 /* CreateStomtWithLogin.m in Sources */ = {isa = PBXBuildFile; fileRef = FEA5D0A31BBC28A500274390 /* CreateStomtWithLogin.m */; };
		FEA5D0A61BBC2C0900274390 /* CreateStomtsWithoutLogin.m in Sources */ = {isa = PBXBuildFile; fileRef = FEA5D0A51BBC2C0900274390 /* CreateStomtsWithoutLogin.m */; };
		FEA5D0A81BBC433600274390 /* RetrieveSingleStomtWithoutLogin.m in Sources */ = {isa = PBXBuildFile; fileRef = FEA5D0A71BBC433600274390 /* RetrieveSingleStomtWithoutLogin.m */; };
		FEA5D0AB1BBC44E900274390 /* StomtTestCase.m in Sources */ = {isa = PBXBuildFile; fileRef = FEA5D0AA1BBC44E900274390 /* StomtTestCase.m */; };
		FEA5D0B01BBC49AD00274390 /* StomtTestCaseWithLogin.m in Sources */ = {isa = PBXBuildFile; fileRef = FEA5D0AF1BBC49AD00274390 /* StomtTestCaseWithLogin.m */; };
		FEA5D0B31BBC4A7300274390 /* RetrieveSingleStomtWithLogin.m in Sources */ = {isa = PBXBuildFile; fileRef = FEA5D0B21BBC4A7300274390 /* RetrieveSingleStomtWithLogin.m */; };
		FEA5D0B51BBC4D6800274390 /* RetrieveFeedWithoutLogin.m in Sources */ = {isa = PBXBuildFile; fileRef = FEA5D0B41BBC4D6800274390 /* RetrieveFeedWithoutLogin.m */; };
/* End PBXBuildFile section */

/* Begin PBXContainerItemProxy section */
		A70884B61BA1F43300758049 /* PBXContainerItemProxy */ = {
			isa = PBXContainerItemProxy;
			containerPortal = A70884A01BA1F43300758049 /* Project object */;
			proxyType = 1;
			remoteGlobalIDString = A70884A81BA1F43300758049;
			remoteInfo = StomtiOS;
		};
/* End PBXContainerItemProxy section */

/* Begin PBXFileReference section */
		A70884A91BA1F43300758049 /* StomtiOS.framework */ = {isa = PBXFileReference; explicitFileType = wrapper.framework; includeInIndex = 0; path = StomtiOS.framework; sourceTree = BUILT_PRODUCTS_DIR; };
		A70884AD1BA1F43300758049 /* Info.plist */ = {isa = PBXFileReference; lastKnownFileType = text.plist.xml; path = Info.plist; sourceTree = "<group>"; };
		A70884B41BA1F43300758049 /* StomtiOSTests.xctest */ = {isa = PBXFileReference; explicitFileType = wrapper.cfbundle; includeInIndex = 0; path = StomtiOSTests.xctest; sourceTree = BUILT_PRODUCTS_DIR; };
		A70884BA1BA1F43300758049 /* Info.plist */ = {isa = PBXFileReference; lastKnownFileType = text.plist.xml; path = Info.plist; sourceTree = "<group>"; };
		A70884D01BA1F47400758049 /* Stomt.m */ = {isa = PBXFileReference; fileEncoding = 4; lastKnownFileType = sourcecode.c.objc; path = Stomt.m; sourceTree = "<group>"; };
		A70884D91BA1F4A400758049 /* dbg.h */ = {isa = PBXFileReference; fileEncoding = 4; lastKnownFileType = sourcecode.c.h; path = dbg.h; sourceTree = "<group>"; };
		A70884DA1BA1F4A400758049 /* declarations.h */ = {isa = PBXFileReference; fileEncoding = 4; lastKnownFileType = sourcecode.c.h; path = declarations.h; sourceTree = "<group>"; };
		A70884DB1BA1F4A400758049 /* block_declarations.h */ = {isa = PBXFileReference; fileEncoding = 4; lastKnownFileType = sourcecode.c.h; path = block_declarations.h; sourceTree = "<group>"; };
		A7107E8B1BA2F614001F3B38 /* STUser.h */ = {isa = PBXFileReference; fileEncoding = 4; lastKnownFileType = sourcecode.c.h; path = STUser.h; sourceTree = "<group>"; };
		A7107E8C1BA2F614001F3B38 /* STUser.m */ = {isa = PBXFileReference; fileEncoding = 4; lastKnownFileType = sourcecode.c.objc; path = STUser.m; sourceTree = "<group>"; };
		A71C9E1E1BC9676800398B0B /* ModalAuthenticationController.h */ = {isa = PBXFileReference; fileEncoding = 4; lastKnownFileType = sourcecode.c.h; path = ModalAuthenticationController.h; sourceTree = "<group>"; };
		A71C9E1F1BC9676800398B0B /* ModalAuthenticationController.m */ = {isa = PBXFileReference; fileEncoding = 4; lastKnownFileType = sourcecode.c.objc; path = ModalAuthenticationController.m; sourceTree = "<group>"; };
		A71C9E201BC9676800398B0B /* AuthenticationViewController.h */ = {isa = PBXFileReference; fileEncoding = 4; lastKnownFileType = sourcecode.c.h; path = AuthenticationViewController.h; sourceTree = "<group>"; };
		A71C9E211BC9676800398B0B /* AuthenticationViewController.m */ = {isa = PBXFileReference; fileEncoding = 4; lastKnownFileType = sourcecode.c.objc; path = AuthenticationViewController.m; sourceTree = "<group>"; };
		A71C9E221BC9676800398B0B /* AuthenticationView.h */ = {isa = PBXFileReference; fileEncoding = 4; lastKnownFileType = sourcecode.c.h; path = AuthenticationView.h; sourceTree = "<group>"; };
		A71C9E231BC9676800398B0B /* AuthenticationView.m */ = {isa = PBXFileReference; fileEncoding = 4; lastKnownFileType = sourcecode.c.objc; path = AuthenticationView.m; sourceTree = "<group>"; };
		A7450D451BA4338E00DF83B8 /* STCategory.m */ = {isa = PBXFileReference; fileEncoding = 4; lastKnownFileType = sourcecode.c.objc; path = STCategory.m; sourceTree = "<group>"; };
		A7450D481BA44E9800DF83B8 /* HTTPResponseChecker.h */ = {isa = PBXFileReference; fileEncoding = 4; lastKnownFileType = sourcecode.c.h; path = HTTPResponseChecker.h; sourceTree = "<group>"; };
		A7450D491BA44E9800DF83B8 /* HTTPResponseChecker.m */ = {isa = PBXFileReference; fileEncoding = 4; lastKnownFileType = sourcecode.c.objc; path = HTTPResponseChecker.m; sourceTree = "<group>"; };
		A75AF2B21BA88F6700D74B9C /* strings.h */ = {isa = PBXFileReference; fileEncoding = 4; lastKnownFileType = sourcecode.c.h; path = strings.h; sourceTree = "<group>"; };
		A75AF2B41BA893B000D74B9C /* STObject.h */ = {isa = PBXFileReference; fileEncoding = 4; lastKnownFileType = sourcecode.c.h; path = STObject.h; sourceTree = "<group>"; };
		A75AF2B51BA893B000D74B9C /* STObject.m */ = {isa = PBXFileReference; fileEncoding = 4; lastKnownFileType = sourcecode.c.objc; path = STObject.m; sourceTree = "<group>"; };
		A768D7671BA9DA1600466AFB /* NSDate+ISO8601.h */ = {isa = PBXFileReference; fileEncoding = 4; lastKnownFileType = sourcecode.c.h; path = "NSDate+ISO8601.h"; sourceTree = "<group>"; };
		A768D7681BA9DA1600466AFB /* NSDate+ISO8601.m */ = {isa = PBXFileReference; fileEncoding = 4; lastKnownFileType = sourcecode.c.objc; path = "NSDate+ISO8601.m"; sourceTree = "<group>"; };
		A768D76C1BA9EB6000466AFB /* STImage.m */ = {isa = PBXFileReference; fileEncoding = 4; lastKnownFileType = sourcecode.c.objc; path = STImage.m; sourceTree = "<group>"; };
		A76DFE261BC57CC200017C32 /* STImageView.h */ = {isa = PBXFileReference; fileEncoding = 4; lastKnownFileType = sourcecode.c.h; path = STImageView.h; sourceTree = "<group>"; };
		A76DFE271BC57CC200017C32 /* STImageView.m */ = {isa = PBXFileReference; fileEncoding = 4; lastKnownFileType = sourcecode.c.objc; path = STImageView.m; sourceTree = "<group>"; };
		A76DFE2A1BC5AF1E00017C32 /* STTarget.m */ = {isa = PBXFileReference; fileEncoding = 4; lastKnownFileType = sourcecode.c.objc; path = STTarget.m; sourceTree = "<group>"; };
		A76DFE2B1BC5AF1E00017C32 /* STTarget.h */ = {isa = PBXFileReference; fileEncoding = 4; lastKnownFileType = sourcecode.c.h; path = STTarget.h; sourceTree = "<group>"; };
		A76DFE2E1BC5AF2800017C32 /* StomtRequest.h */ = {isa = PBXFileReference; fileEncoding = 4; lastKnownFileType = sourcecode.c.h; path = StomtRequest.h; sourceTree = "<group>"; };
		A76DFE2F1BC5AF2800017C32 /* StomtRequest.m */ = {isa = PBXFileReference; fileEncoding = 4; lastKnownFileType = sourcecode.c.objc; path = StomtRequest.m; sourceTree = "<group>"; };
		A7833CFF1BB46B1100A3F13B /* STFeed.m */ = {isa = PBXFileReference; fileEncoding = 4; lastKnownFileType = sourcecode.c.objc; path = STFeed.m; sourceTree = "<group>"; };
		A78B2E6B1BA419BC00A9E7D0 /* STStats.h */ = {isa = PBXFileReference; fileEncoding = 4; lastKnownFileType = sourcecode.c.h; path = STStats.h; sourceTree = "<group>"; };
		A78B2E6C1BA419BC00A9E7D0 /* STStats.m */ = {isa = PBXFileReference; fileEncoding = 4; lastKnownFileType = sourcecode.c.objc; path = STStats.m; sourceTree = "<group>"; };
		A7C039A01BB5A340006A8135 /* STSearchFilterKeywords.h */ = {isa = PBXFileReference; fileEncoding = 4; lastKnownFileType = sourcecode.c.h; path = STSearchFilterKeywords.h; sourceTree = "<group>"; };
		A7C039A11BB5A340006A8135 /* STSearchFilterKeywords.m */ = {isa = PBXFileReference; fileEncoding = 4; lastKnownFileType = sourcecode.c.objc; path = STSearchFilterKeywords.m; sourceTree = "<group>"; };
		A7C039B71BB6FDCF006A8135 /* STCategory.h */ = {isa = PBXFileReference; fileEncoding = 4; lastKnownFileType = sourcecode.c.h; path = STCategory.h; sourceTree = "<group>"; };
		A7C039B91BB6FEA3006A8135 /* STFeed.h */ = {isa = PBXFileReference; fileEncoding = 4; lastKnownFileType = sourcecode.c.h; path = STFeed.h; sourceTree = "<group>"; };
		A7C039BB1BB6FEB5006A8135 /* STImage.h */ = {isa = PBXFileReference; fileEncoding = 4; lastKnownFileType = sourcecode.c.h; path = STImage.h; sourceTree = "<group>"; };
		A7C039BD1BB6FEC1006A8135 /* Stomt.h */ = {isa = PBXFileReference; fileEncoding = 4; lastKnownFileType = sourcecode.c.h; path = Stomt.h; sourceTree = "<group>"; };
		A7E2482C1BC3253E00811B36 /* STCreationViewController.h */ = {isa = PBXFileReference; fileEncoding = 4; lastKnownFileType = sourcecode.c.h; path = STCreationViewController.h; sourceTree = "<group>"; };
		A7E2482D1BC3253E00811B36 /* STCreationViewController.m */ = {isa = PBXFileReference; fileEncoding = 4; lastKnownFileType = sourcecode.c.objc; path = STCreationViewController.m; sourceTree = "<group>"; };
		A7E2482E1BC3253E00811B36 /* STCreationView.h */ = {isa = PBXFileReference; fileEncoding = 4; lastKnownFileType = sourcecode.c.h; path = STCreationView.h; sourceTree = "<group>"; };
		A7E2482F1BC3253E00811B36 /* STCreationView.m */ = {isa = PBXFileReference; fileEncoding = 4; lastKnownFileType = sourcecode.c.objc; path = STCreationView.m; sourceTree = "<group>"; };
		A7E248341BC3254A00811B36 /* STCreationTop.h */ = {isa = PBXFileReference; fileEncoding = 4; lastKnownFileType = sourcecode.c.h; path = STCreationTop.h; sourceTree = "<group>"; };
		A7E248371BC3254A00811B36 /* STCreationTop.m */ = {isa = PBXFileReference; fileEncoding = 4; lastKnownFileType = sourcecode.c.objc; path = STCreationTop.m; sourceTree = "<group>"; };
		A7E2483D1BC3255D00811B36 /* STTextView.h */ = {isa = PBXFileReference; fileEncoding = 4; lastKnownFileType = sourcecode.c.h; path = STTextView.h; sourceTree = "<group>"; };
		A7E2483E1BC3255D00811B36 /* STTextView.m */ = {isa = PBXFileReference; fileEncoding = 4; lastKnownFileType = sourcecode.c.objc; path = STTextView.m; sourceTree = "<group>"; };
		A7E2483F1BC3255D00811B36 /* STCharCountLabel.h */ = {isa = PBXFileReference; fileEncoding = 4; lastKnownFileType = sourcecode.c.h; path = STCharCountLabel.h; sourceTree = "<group>"; };
		A7E248401BC3255D00811B36 /* STCharCountLabel.m */ = {isa = PBXFileReference; fileEncoding = 4; lastKnownFileType = sourcecode.c.objc; path = STCharCountLabel.m; sourceTree = "<group>"; };
		A7E248461BC3256A00811B36 /* STLikeOrWishView.h */ = {isa = PBXFileReference; fileEncoding = 4; lastKnownFileType = sourcecode.c.h; path = STLikeOrWishView.h; sourceTree = "<group>"; };
		A7E248471BC3256A00811B36 /* STLikeOrWishView.m */ = {isa = PBXFileReference; fileEncoding = 4; lastKnownFileType = sourcecode.c.objc; path = STLikeOrWishView.m; sourceTree = "<group>"; };
		A7E248481BC3256A00811B36 /* STQualifierView.h */ = {isa = PBXFileReference; fileEncoding = 4; lastKnownFileType = sourcecode.c.h; path = STQualifierView.h; sourceTree = "<group>"; };
		A7E248491BC3256A00811B36 /* STQualifierView.m */ = {isa = PBXFileReference; fileEncoding = 4; lastKnownFileType = sourcecode.c.objc; path = STQualifierView.m; sourceTree = "<group>"; };
		A7E2484F1BC3257700811B36 /* STTargetDisplayer.h */ = {isa = PBXFileReference; fileEncoding = 4; lastKnownFileType = sourcecode.c.h; path = STTargetDisplayer.h; sourceTree = "<group>"; };
		A7E248501BC3257700811B36 /* STTargetDisplayer.m */ = {isa = PBXFileReference; fileEncoding = 4; lastKnownFileType = sourcecode.c.objc; path = STTargetDisplayer.m; sourceTree = "<group>"; };
		A7E248511BC3257700811B36 /* STTargetDisplayerContainer.h */ = {isa = PBXFileReference; fileEncoding = 4; lastKnownFileType = sourcecode.c.h; path = STTargetDisplayerContainer.h; sourceTree = "<group>"; };
		A7E248521BC3257700811B36 /* STTargetDisplayerContainer.m */ = {isa = PBXFileReference; fileEncoding = 4; lastKnownFileType = sourcecode.c.objc; path = STTargetDisplayerContainer.m; sourceTree = "<group>"; };
		A7E248581BC3258400811B36 /* STButtonLabel.h */ = {isa = PBXFileReference; fileEncoding = 4; lastKnownFileType = sourcecode.c.h; path = STButtonLabel.h; sourceTree = "<group>"; };
		A7E248591BC3258400811B36 /* STButtonLabel.m */ = {isa = PBXFileReference; fileEncoding = 4; lastKnownFileType = sourcecode.c.objc; path = STButtonLabel.m; sourceTree = "<group>"; };
		A7EB48021BC81172008B34C9 /* STTargetNameRectangle.h */ = {isa = PBXFileReference; fileEncoding = 4; lastKnownFileType = sourcecode.c.h; path = STTargetNameRectangle.h; sourceTree = "<group>"; };
		A7EB48031BC81172008B34C9 /* STTargetNameRectangle.m */ = {isa = PBXFileReference; fileEncoding = 4; lastKnownFileType = sourcecode.c.objc; path = STTargetNameRectangle.m; sourceTree = "<group>"; };
		FEA5D0A31BBC28A500274390 /* CreateStomtWithLogin.m */ = {isa = PBXFileReference; fileEncoding = 4; lastKnownFileType = sourcecode.c.objc; path = CreateStomtWithLogin.m; sourceTree = "<group>"; };
		FEA5D0A51BBC2C0900274390 /* CreateStomtsWithoutLogin.m */ = {isa = PBXFileReference; fileEncoding = 4; lastKnownFileType = sourcecode.c.objc; path = CreateStomtsWithoutLogin.m; sourceTree = "<group>"; };
		FEA5D0A71BBC433600274390 /* RetrieveSingleStomtWithoutLogin.m */ = {isa = PBXFileReference; fileEncoding = 4; lastKnownFileType = sourcecode.c.objc; path = RetrieveSingleStomtWithoutLogin.m; sourceTree = "<group>"; };
		FEA5D0A91BBC44E900274390 /* StomtTestCase.h */ = {isa = PBXFileReference; fileEncoding = 4; lastKnownFileType = sourcecode.c.h; path = StomtTestCase.h; sourceTree = "<group>"; };
		FEA5D0AA1BBC44E900274390 /* StomtTestCase.m */ = {isa = PBXFileReference; fileEncoding = 4; lastKnownFileType = sourcecode.c.objc; path = StomtTestCase.m; sourceTree = "<group>"; };
		FEA5D0AE1BBC49AD00274390 /* StomtTestCaseWithLogin.h */ = {isa = PBXFileReference; fileEncoding = 4; lastKnownFileType = sourcecode.c.h; path = StomtTestCaseWithLogin.h; sourceTree = "<group>"; };
		FEA5D0AF1BBC49AD00274390 /* StomtTestCaseWithLogin.m */ = {isa = PBXFileReference; fileEncoding = 4; lastKnownFileType = sourcecode.c.objc; path = StomtTestCaseWithLogin.m; sourceTree = "<group>"; };
		FEA5D0B21BBC4A7300274390 /* RetrieveSingleStomtWithLogin.m */ = {isa = PBXFileReference; fileEncoding = 4; lastKnownFileType = sourcecode.c.objc; path = RetrieveSingleStomtWithLogin.m; sourceTree = "<group>"; };
		FEA5D0B41BBC4D6800274390 /* RetrieveFeedWithoutLogin.m */ = {isa = PBXFileReference; fileEncoding = 4; lastKnownFileType = sourcecode.c.objc; path = RetrieveFeedWithoutLogin.m; sourceTree = "<group>"; };
/* End PBXFileReference section */

/* Begin PBXFrameworksBuildPhase section */
		A70884A51BA1F43300758049 /* Frameworks */ = {
			isa = PBXFrameworksBuildPhase;
			buildActionMask = 2147483647;
			files = (
			);
			runOnlyForDeploymentPostprocessing = 0;
		};
		A70884B11BA1F43300758049 /* Frameworks */ = {
			isa = PBXFrameworksBuildPhase;
			buildActionMask = 2147483647;
			files = (
				A70884B51BA1F43300758049 /* StomtiOS.framework in Frameworks */,
			);
			runOnlyForDeploymentPostprocessing = 0;
		};
/* End PBXFrameworksBuildPhase section */

/* Begin PBXGroup section */
		A708849F1BA1F43300758049 = {
			isa = PBXGroup;
			children = (
				A70884AB1BA1F43300758049 /* StomtiOS */,
				A778CA1D1BB1E42600B5783D /* UI */,
				A70884B81BA1F43300758049 /* StomtiOSTests */,
				A70884AA1BA1F43300758049 /* Products */,
			);
			sourceTree = "<group>";
		};
		A70884AA1BA1F43300758049 /* Products */ = {
			isa = PBXGroup;
			children = (
				A70884A91BA1F43300758049 /* StomtiOS.framework */,
				A70884B41BA1F43300758049 /* StomtiOSTests.xctest */,
			);
			name = Products;
			sourceTree = "<group>";
		};
		A70884AB1BA1F43300758049 /* StomtiOS */ = {
			isa = PBXGroup;
			children = (
				A71D5F0D1BA7668000DC8BA1 /* Private */,
				A7107E861BA2F5F1001F3B38 /* Stomt Objects */,
				A70885151BA20F2900758049 /* StomtRequest */,
				A70884D81BA1F48500758049 /* Helpers */,
				A70884CE1BA1F45B00758049 /* Public */,
				A70884AC1BA1F43300758049 /* Supporting Files */,
			);
			path = StomtiOS;
			sourceTree = "<group>";
		};
		A70884AC1BA1F43300758049 /* Supporting Files */ = {
			isa = PBXGroup;
			children = (
				A70884AD1BA1F43300758049 /* Info.plist */,
			);
			name = "Supporting Files";
			sourceTree = "<group>";
		};
		A70884B81BA1F43300758049 /* StomtiOSTests */ = {
			isa = PBXGroup;
			children = (
				FEA5D0A91BBC44E900274390 /* StomtTestCase.h */,
				FEA5D0AA1BBC44E900274390 /* StomtTestCase.m */,
				FEA5D0AE1BBC49AD00274390 /* StomtTestCaseWithLogin.h */,
				FEA5D0AF1BBC49AD00274390 /* StomtTestCaseWithLogin.m */,
				FEA5D0AC1BBC491D00274390 /* RetrieveStomts */,
				FEA5D0AD1BBC493B00274390 /* CreateStomts */,
				A70884B91BA1F43300758049 /* Supporting Files */,
			);
			path = StomtiOSTests;
			sourceTree = "<group>";
		};
		A70884B91BA1F43300758049 /* Supporting Files */ = {
			isa = PBXGroup;
			children = (
				A70884BA1BA1F43300758049 /* Info.plist */,
			);
			name = "Supporting Files";
			sourceTree = "<group>";
		};
		A70884CE1BA1F45B00758049 /* Public */ = {
			isa = PBXGroup;
			children = (
				A7C039BD1BB6FEC1006A8135 /* Stomt.h */,
				A70884D01BA1F47400758049 /* Stomt.m */,
			);
			name = Public;
			sourceTree = "<group>";
		};
		A70884D81BA1F48500758049 /* Helpers */ = {
			isa = PBXGroup;
			children = (
				A70884D91BA1F4A400758049 /* dbg.h */,
				A70884DA1BA1F4A400758049 /* declarations.h */,
				A70884DB1BA1F4A400758049 /* block_declarations.h */,
				A75AF2B21BA88F6700D74B9C /* strings.h */,
			);
			name = Helpers;
			sourceTree = "<group>";
		};
		A70885151BA20F2900758049 /* StomtRequest */ = {
			isa = PBXGroup;
			children = (
				A76DFE2E1BC5AF2800017C32 /* StomtRequest.h */,
				A76DFE2F1BC5AF2800017C32 /* StomtRequest.m */,
			);
			name = StomtRequest;
			sourceTree = "<group>";
		};
		A7107E861BA2F5F1001F3B38 /* Stomt Objects */ = {
			isa = PBXGroup;
			children = (
				A71D5F0C1BA7664D00DC8BA1 /* Helper objects */,
				A7107E8B1BA2F614001F3B38 /* STUser.h */,
				A7107E8C1BA2F614001F3B38 /* STUser.m */,
				A75AF2B41BA893B000D74B9C /* STObject.h */,
				A75AF2B51BA893B000D74B9C /* STObject.m */,
				A76DFE2A1BC5AF1E00017C32 /* STTarget.m */,
				A76DFE2B1BC5AF1E00017C32 /* STTarget.h */,
				A7C039B91BB6FEA3006A8135 /* STFeed.h */,
				A7833CFF1BB46B1100A3F13B /* STFeed.m */,
			);
			name = "Stomt Objects";
			sourceTree = "<group>";
		};
		A71C9E1D1BC9675C00398B0B /* Authentication */ = {
			isa = PBXGroup;
			children = (
				A71C9E1E1BC9676800398B0B /* ModalAuthenticationController.h */,
				A71C9E1F1BC9676800398B0B /* ModalAuthenticationController.m */,
				A71C9E201BC9676800398B0B /* AuthenticationViewController.h */,
				A71C9E211BC9676800398B0B /* AuthenticationViewController.m */,
				A71C9E221BC9676800398B0B /* AuthenticationView.h */,
				A71C9E231BC9676800398B0B /* AuthenticationView.m */,
			);
			name = Authentication;
			sourceTree = "<group>";
		};
		A71D5F0C1BA7664D00DC8BA1 /* Helper objects */ = {
			isa = PBXGroup;
			children = (
				A78B2E6B1BA419BC00A9E7D0 /* STStats.h */,
				A78B2E6C1BA419BC00A9E7D0 /* STStats.m */,
				A7C039B71BB6FDCF006A8135 /* STCategory.h */,
				A7450D451BA4338E00DF83B8 /* STCategory.m */,
				A7C039BB1BB6FEB5006A8135 /* STImage.h */,
				A768D76C1BA9EB6000466AFB /* STImage.m */,
				A7C039A01BB5A340006A8135 /* STSearchFilterKeywords.h */,
				A7C039A11BB5A340006A8135 /* STSearchFilterKeywords.m */,
				A76DFE261BC57CC200017C32 /* STImageView.h */,
				A76DFE271BC57CC200017C32 /* STImageView.m */,
			);
			name = "Helper objects";
			sourceTree = "<group>";
		};
		A71D5F0D1BA7668000DC8BA1 /* Private */ = {
			isa = PBXGroup;
			children = (
				A7450D481BA44E9800DF83B8 /* HTTPResponseChecker.h */,
				A7450D491BA44E9800DF83B8 /* HTTPResponseChecker.m */,
				A768D7671BA9DA1600466AFB /* NSDate+ISO8601.h */,
				A768D7681BA9DA1600466AFB /* NSDate+ISO8601.m */,
			);
			name = Private;
			sourceTree = "<group>";
		};
		A76DFE321BC6F7D400017C32 /* Private */ = {
			isa = PBXGroup;
			children = (
				A71C9E1D1BC9675C00398B0B /* Authentication */,
				A778CA1C1BB1E41800B5783D /* CreateStomt */,
			);
			name = Private;
			sourceTree = "<group>";
		};
		A778CA1C1BB1E41800B5783D /* CreateStomt */ = {
			isa = PBXGroup;
			children = (
				A7E2482B1BC3252A00811B36 /* Components */,
				A7E2482A1BC3252200811B36 /* CoreGraphics */,
				A7E248291BC3251F00811B36 /* Core */,
			);
			name = CreateStomt;
			sourceTree = "<group>";
		};
		A778CA1D1BB1E42600B5783D /* UI */ = {
			isa = PBXGroup;
			children = (
				A76DFE321BC6F7D400017C32 /* Private */,
			);
			name = UI;
			path = StomtiOS;
			sourceTree = "<group>";
		};
		A7E248291BC3251F00811B36 /* Core */ = {
			isa = PBXGroup;
			children = (
				A7E2482C1BC3253E00811B36 /* STCreationViewController.h */,
				A7E2482D1BC3253E00811B36 /* STCreationViewController.m */,
				A7E2482E1BC3253E00811B36 /* STCreationView.h */,
				A7E2482F1BC3253E00811B36 /* STCreationView.m */,
			);
			name = Core;
			sourceTree = "<group>";
		};
		A7E2482A1BC3252200811B36 /* CoreGraphics */ = {
			isa = PBXGroup;
			children = (
				A7E248341BC3254A00811B36 /* STCreationTop.h */,
				A7EB48021BC81172008B34C9 /* STTargetNameRectangle.h */,
				A7EB48031BC81172008B34C9 /* STTargetNameRectangle.m */,
				A7E248371BC3254A00811B36 /* STCreationTop.m */,
			);
			name = CoreGraphics;
			sourceTree = "<group>";
		};
		A7E2482B1BC3252A00811B36 /* Components */ = {
			isa = PBXGroup;
			children = (
				A7E248571BC3257F00811B36 /* Top */,
				A7E2484E1BC3257100811B36 /* TargetDisplayer */,
				A7E248451BC3255F00811B36 /* QualifierView */,
				A7E2483C1BC3255400811B36 /* Text */,
			);
			name = Components;
			sourceTree = "<group>";
		};
		A7E2483C1BC3255400811B36 /* Text */ = {
			isa = PBXGroup;
			children = (
				A7E2483D1BC3255D00811B36 /* STTextView.h */,
				A7E2483E1BC3255D00811B36 /* STTextView.m */,
				A7E2483F1BC3255D00811B36 /* STCharCountLabel.h */,
				A7E248401BC3255D00811B36 /* STCharCountLabel.m */,
			);
			name = Text;
			sourceTree = "<group>";
		};
		A7E248451BC3255F00811B36 /* QualifierView */ = {
			isa = PBXGroup;
			children = (
				A7E248461BC3256A00811B36 /* STLikeOrWishView.h */,
				A7E248471BC3256A00811B36 /* STLikeOrWishView.m */,
				A7E248481BC3256A00811B36 /* STQualifierView.h */,
				A7E248491BC3256A00811B36 /* STQualifierView.m */,
			);
			name = QualifierView;
			sourceTree = "<group>";
		};
		A7E2484E1BC3257100811B36 /* TargetDisplayer */ = {
			isa = PBXGroup;
			children = (
				A7E2484F1BC3257700811B36 /* STTargetDisplayer.h */,
				A7E248501BC3257700811B36 /* STTargetDisplayer.m */,
				A7E248511BC3257700811B36 /* STTargetDisplayerContainer.h */,
				A7E248521BC3257700811B36 /* STTargetDisplayerContainer.m */,
			);
			name = TargetDisplayer;
			sourceTree = "<group>";
		};
		A7E248571BC3257F00811B36 /* Top */ = {
			isa = PBXGroup;
			children = (
				A7E248581BC3258400811B36 /* STButtonLabel.h */,
				A7E248591BC3258400811B36 /* STButtonLabel.m */,
			);
			name = Top;
			sourceTree = "<group>";
		};
		FEA5D0AC1BBC491D00274390 /* RetrieveStomts */ = {
			isa = PBXGroup;
			children = (
				FEA5D0A71BBC433600274390 /* RetrieveSingleStomtWithoutLogin.m */,
				FEA5D0B21BBC4A7300274390 /* RetrieveSingleStomtWithLogin.m */,
				FEA5D0B41BBC4D6800274390 /* RetrieveFeedWithoutLogin.m */,
			);
			name = RetrieveStomts;
			sourceTree = "<group>";
		};
		FEA5D0AD1BBC493B00274390 /* CreateStomts */ = {
			isa = PBXGroup;
			children = (
				FEA5D0A31BBC28A500274390 /* CreateStomtWithLogin.m */,
				FEA5D0A51BBC2C0900274390 /* CreateStomtsWithoutLogin.m */,
			);
			name = CreateStomts;
			sourceTree = "<group>";
		};
/* End PBXGroup section */

/* Begin PBXHeadersBuildPhase section */
		A70884A61BA1F43300758049 /* Headers */ = {
			isa = PBXHeadersBuildPhase;
			buildActionMask = 2147483647;
			files = (
				A7E2484C1BC3256A00811B36 /* STQualifierView.h in Headers */,
				A70884DD1BA1F4A400758049 /* declarations.h in Headers */,
				A7E2484A1BC3256A00811B36 /* STLikeOrWishView.h in Headers */,
				A7E248431BC3255D00811B36 /* STCharCountLabel.h in Headers */,
				A7E2485A1BC3258400811B36 /* STButtonLabel.h in Headers */,
				A70884DC1BA1F4A400758049 /* dbg.h in Headers */,
				A71C9E241BC9676800398B0B /* ModalAuthenticationController.h in Headers */,
				A7E248381BC3254A00811B36 /* STCreationTop.h in Headers */,
				A7E248551BC3257700811B36 /* STTargetDisplayerContainer.h in Headers */,
				A76DFE281BC57CC200017C32 /* STImageView.h in Headers */,
				A7107E8D1BA2F614001F3B38 /* STUser.h in Headers */,
				A71C9E261BC9676800398B0B /* AuthenticationViewController.h in Headers */,
				A75AF2B61BA893B000D74B9C /* STObject.h in Headers */,
				A78B2E6D1BA419BC00A9E7D0 /* STStats.h in Headers */,
				A70884DE1BA1F4A400758049 /* block_declarations.h in Headers */,
				A76DFE2D1BC5AF1E00017C32 /* STTarget.h in Headers */,
				A768D7691BA9DA1600466AFB /* NSDate+ISO8601.h in Headers */,
				A7C039B81BB6FDCF006A8135 /* STCategory.h in Headers */,
				A7C039BC1BB6FEB5006A8135 /* STImage.h in Headers */,
				A7C039BA1BB6FEA3006A8135 /* STFeed.h in Headers */,
				A76DFE301BC5AF2800017C32 /* StomtRequest.h in Headers */,
				A7E248321BC3253E00811B36 /* STCreationView.h in Headers */,
				A7EB48041BC81172008B34C9 /* STTargetNameRectangle.h in Headers */,
				A71C9E281BC9676800398B0B /* AuthenticationView.h in Headers */,
				A7C039BE1BB6FEC1006A8135 /* Stomt.h in Headers */,
				A75AF2B31BA88F6700D74B9C /* strings.h in Headers */,
				A7E248411BC3255D00811B36 /* STTextView.h in Headers */,
				A7E248301BC3253E00811B36 /* STCreationViewController.h in Headers */,
				A7E248531BC3257700811B36 /* STTargetDisplayer.h in Headers */,
				A7C039A21BB5A340006A8135 /* STSearchFilterKeywords.h in Headers */,
				A7450D4A1BA44E9800DF83B8 /* HTTPResponseChecker.h in Headers */,
			);
			runOnlyForDeploymentPostprocessing = 0;
		};
/* End PBXHeadersBuildPhase section */

/* Begin PBXNativeTarget section */
		A70884A81BA1F43300758049 /* StomtiOS */ = {
			isa = PBXNativeTarget;
			buildConfigurationList = A70884BF1BA1F43300758049 /* Build configuration list for PBXNativeTarget "StomtiOS" */;
			buildPhases = (
				A70884A41BA1F43300758049 /* Sources */,
				A70884A51BA1F43300758049 /* Frameworks */,
				A70884A61BA1F43300758049 /* Headers */,
				A70884A71BA1F43300758049 /* Resources */,
			);
			buildRules = (
			);
			dependencies = (
			);
			name = StomtiOS;
			productName = StomtiOS;
			productReference = A70884A91BA1F43300758049 /* StomtiOS.framework */;
			productType = "com.apple.product-type.framework";
		};
		A70884B31BA1F43300758049 /* StomtiOSTests */ = {
			isa = PBXNativeTarget;
			buildConfigurationList = A70884C21BA1F43300758049 /* Build configuration list for PBXNativeTarget "StomtiOSTests" */;
			buildPhases = (
				A70884B01BA1F43300758049 /* Sources */,
				A70884B11BA1F43300758049 /* Frameworks */,
				A70884B21BA1F43300758049 /* Resources */,
			);
			buildRules = (
			);
			dependencies = (
				A70884B71BA1F43300758049 /* PBXTargetDependency */,
			);
			name = StomtiOSTests;
			productName = StomtiOSTests;
			productReference = A70884B41BA1F43300758049 /* StomtiOSTests.xctest */;
			productType = "com.apple.product-type.bundle.unit-test";
		};
/* End PBXNativeTarget section */

/* Begin PBXProject section */
		A70884A01BA1F43300758049 /* Project object */ = {
			isa = PBXProject;
			attributes = {
				LastUpgradeCheck = 0610;
				ORGANIZATIONNAME = "Leonardo Cascianelli";
				TargetAttributes = {
					A70884A81BA1F43300758049 = {
						CreatedOnToolsVersion = 6.1.1;
					};
					A70884B31BA1F43300758049 = {
						CreatedOnToolsVersion = 6.1.1;
					};
				};
			};
			buildConfigurationList = A70884A31BA1F43300758049 /* Build configuration list for PBXProject "StomtiOS" */;
			compatibilityVersion = "Xcode 3.2";
			developmentRegion = English;
			hasScannedForEncodings = 0;
			knownRegions = (
				en,
			);
			mainGroup = A708849F1BA1F43300758049;
			productRefGroup = A70884AA1BA1F43300758049 /* Products */;
			projectDirPath = "";
			projectRoot = "";
			targets = (
				A70884A81BA1F43300758049 /* StomtiOS */,
				A70884B31BA1F43300758049 /* StomtiOSTests */,
			);
		};
/* End PBXProject section */

/* Begin PBXResourcesBuildPhase section */
		A70884A71BA1F43300758049 /* Resources */ = {
			isa = PBXResourcesBuildPhase;
			buildActionMask = 2147483647;
			files = (
			);
			runOnlyForDeploymentPostprocessing = 0;
		};
		A70884B21BA1F43300758049 /* Resources */ = {
			isa = PBXResourcesBuildPhase;
			buildActionMask = 2147483647;
			files = (
			);
			runOnlyForDeploymentPostprocessing = 0;
		};
/* End PBXResourcesBuildPhase section */

/* Begin PBXSourcesBuildPhase section */
		A70884A41BA1F43300758049 /* Sources */ = {
			isa = PBXSourcesBuildPhase;
			buildActionMask = 2147483647;
			files = (
				A7EB48051BC81172008B34C9 /* STTargetNameRectangle.m in Sources */,
				A71C9E251BC9676800398B0B /* ModalAuthenticationController.m in Sources */,
				A70884D41BA1F47400758049 /* Stomt.m in Sources */,
				A7107E8E1BA2F614001F3B38 /* STUser.m in Sources */,
				A7E2483B1BC3254A00811B36 /* STCreationTop.m in Sources */,
				A7E2485B1BC3258400811B36 /* STButtonLabel.m in Sources */,
				A76DFE2C1BC5AF1E00017C32 /* STTarget.m in Sources */,
				A7E248331BC3253E00811B36 /* STCreationView.m in Sources */,
				A76DFE311BC5AF2800017C32 /* StomtRequest.m in Sources */,
				A7E248561BC3257700811B36 /* STTargetDisplayerContainer.m in Sources */,
				A7C039A31BB5A340006A8135 /* STSearchFilterKeywords.m in Sources */,
				A7E248541BC3257700811B36 /* STTargetDisplayer.m in Sources */,
				A7E248311BC3253E00811B36 /* STCreationViewController.m in Sources */,
				A7450D471BA4338E00DF83B8 /* STCategory.m in Sources */,
				A78B2E6E1BA419BC00A9E7D0 /* STStats.m in Sources */,
				A7E248441BC3255D00811B36 /* STCharCountLabel.m in Sources */,
				A768D76E1BA9EB6000466AFB /* STImage.m in Sources */,
				A7E2484B1BC3256A00811B36 /* STLikeOrWishView.m in Sources */,
				A75AF2B71BA893B000D74B9C /* STObject.m in Sources */,
				A71C9E291BC9676800398B0B /* AuthenticationView.m in Sources */,
				A71C9E271BC9676800398B0B /* AuthenticationViewController.m in Sources */,
				A7E248421BC3255D00811B36 /* STTextView.m in Sources */,
				A768D76A1BA9DA1600466AFB /* NSDate+ISO8601.m in Sources */,
				A7833D011BB46B1100A3F13B /* STFeed.m in Sources */,
				A76DFE291BC57CC200017C32 /* STImageView.m in Sources */,
				A7E2484D1BC3256A00811B36 /* STQualifierView.m in Sources */,
				A7450D4B1BA44E9800DF83B8 /* HTTPResponseChecker.m in Sources */,
			);
			runOnlyForDeploymentPostprocessing = 0;
		};
		A70884B01BA1F43300758049 /* Sources */ = {
			isa = PBXSourcesBuildPhase;
			buildActionMask = 2147483647;
			files = (
				FEA5D0AB1BBC44E900274390 /* StomtTestCase.m in Sources */,
				FEA5D0B51BBC4D6800274390 /* RetrieveFeedWithoutLogin.m in Sources */,
				FEA5D0B01BBC49AD00274390 /* StomtTestCaseWithLogin.m in Sources */,
				FEA5D0A41BBC28A500274390 /* CreateStomtWithLogin.m in Sources */,
				FEA5D0B31BBC4A7300274390 /* RetrieveSingleStomtWithLogin.m in Sources */,
				FEA5D0A61BBC2C0900274390 /* CreateStomtsWithoutLogin.m in Sources */,
				FEA5D0A81BBC433600274390 /* RetrieveSingleStomtWithoutLogin.m in Sources */,
			);
			runOnlyForDeploymentPostprocessing = 0;
		};
/* End PBXSourcesBuildPhase section */

/* Begin PBXTargetDependency section */
		A70884B71BA1F43300758049 /* PBXTargetDependency */ = {
			isa = PBXTargetDependency;
			target = A70884A81BA1F43300758049 /* StomtiOS */;
			targetProxy = A70884B61BA1F43300758049 /* PBXContainerItemProxy */;
		};
/* End PBXTargetDependency section */

/* Begin XCBuildConfiguration section */
		A70884BD1BA1F43300758049 /* Debug */ = {
			isa = XCBuildConfiguration;
			buildSettings = {
				ALWAYS_SEARCH_USER_PATHS = NO;
				CLANG_CXX_LANGUAGE_STANDARD = "gnu++0x";
				CLANG_CXX_LIBRARY = "libc++";
				CLANG_ENABLE_MODULES = YES;
				CLANG_ENABLE_OBJC_ARC = YES;
				CLANG_WARN_BOOL_CONVERSION = YES;
				CLANG_WARN_CONSTANT_CONVERSION = YES;
				CLANG_WARN_DIRECT_OBJC_ISA_USAGE = YES_ERROR;
				CLANG_WARN_EMPTY_BODY = YES;
				CLANG_WARN_ENUM_CONVERSION = YES;
				CLANG_WARN_INT_CONVERSION = YES;
				CLANG_WARN_OBJC_ROOT_CLASS = YES_ERROR;
				CLANG_WARN_UNREACHABLE_CODE = YES;
				CLANG_WARN__DUPLICATE_METHOD_MATCH = YES;
				"CODE_SIGN_IDENTITY[sdk=iphoneos*]" = "iPhone Developer";
				COPY_PHASE_STRIP = NO;
				CURRENT_PROJECT_VERSION = 1;
				ENABLE_STRICT_OBJC_MSGSEND = YES;
				GCC_C_LANGUAGE_STANDARD = gnu99;
				GCC_DYNAMIC_NO_PIC = NO;
				GCC_OPTIMIZATION_LEVEL = 0;
				GCC_PREPROCESSOR_DEFINITIONS = (
					"DEBUG=1",
					"$(inherited)",
				);
				GCC_SYMBOLS_PRIVATE_EXTERN = NO;
				GCC_WARN_64_TO_32_BIT_CONVERSION = YES;
				GCC_WARN_ABOUT_RETURN_TYPE = YES_ERROR;
				GCC_WARN_UNDECLARED_SELECTOR = YES;
				GCC_WARN_UNINITIALIZED_AUTOS = YES_AGGRESSIVE;
				GCC_WARN_UNUSED_FUNCTION = YES;
				GCC_WARN_UNUSED_VARIABLE = YES;
				IPHONEOS_DEPLOYMENT_TARGET = 8.1;
				MTL_ENABLE_DEBUG_INFO = YES;
				ONLY_ACTIVE_ARCH = YES;
				SDKROOT = iphoneos;
				TARGETED_DEVICE_FAMILY = "1,2";
				VERSIONING_SYSTEM = "apple-generic";
				VERSION_INFO_PREFIX = "";
			};
			name = Debug;
		};
		A70884BE1BA1F43300758049 /* Release */ = {
			isa = XCBuildConfiguration;
			buildSettings = {
				ALWAYS_SEARCH_USER_PATHS = NO;
				CLANG_CXX_LANGUAGE_STANDARD = "gnu++0x";
				CLANG_CXX_LIBRARY = "libc++";
				CLANG_ENABLE_MODULES = YES;
				CLANG_ENABLE_OBJC_ARC = YES;
				CLANG_WARN_BOOL_CONVERSION = YES;
				CLANG_WARN_CONSTANT_CONVERSION = YES;
				CLANG_WARN_DIRECT_OBJC_ISA_USAGE = YES_ERROR;
				CLANG_WARN_EMPTY_BODY = YES;
				CLANG_WARN_ENUM_CONVERSION = YES;
				CLANG_WARN_INT_CONVERSION = YES;
				CLANG_WARN_OBJC_ROOT_CLASS = YES_ERROR;
				CLANG_WARN_UNREACHABLE_CODE = YES;
				CLANG_WARN__DUPLICATE_METHOD_MATCH = YES;
				"CODE_SIGN_IDENTITY[sdk=iphoneos*]" = "iPhone Developer";
				COPY_PHASE_STRIP = YES;
				CURRENT_PROJECT_VERSION = 1;
				ENABLE_NS_ASSERTIONS = NO;
				ENABLE_STRICT_OBJC_MSGSEND = YES;
				GCC_C_LANGUAGE_STANDARD = gnu99;
				GCC_WARN_64_TO_32_BIT_CONVERSION = YES;
				GCC_WARN_ABOUT_RETURN_TYPE = YES_ERROR;
				GCC_WARN_UNDECLARED_SELECTOR = YES;
				GCC_WARN_UNINITIALIZED_AUTOS = YES_AGGRESSIVE;
				GCC_WARN_UNUSED_FUNCTION = YES;
				GCC_WARN_UNUSED_VARIABLE = YES;
				IPHONEOS_DEPLOYMENT_TARGET = 8.1;
				MTL_ENABLE_DEBUG_INFO = NO;
				SDKROOT = iphoneos;
				TARGETED_DEVICE_FAMILY = "1,2";
				VALIDATE_PRODUCT = YES;
				VERSIONING_SYSTEM = "apple-generic";
				VERSION_INFO_PREFIX = "";
			};
			name = Release;
		};
		A70884C01BA1F43300758049 /* Debug */ = {
			isa = XCBuildConfiguration;
			buildSettings = {
				DEFINES_MODULE = YES;
				DYLIB_COMPATIBILITY_VERSION = 1;
				DYLIB_CURRENT_VERSION = 1;
				DYLIB_INSTALL_NAME_BASE = "@rpath";
				INFOPLIST_FILE = StomtiOS/Info.plist;
				INSTALL_PATH = "$(LOCAL_LIBRARY_DIR)/Frameworks";
				LD_RUNPATH_SEARCH_PATHS = "$(inherited) @executable_path/Frameworks @loader_path/Frameworks";
				PRODUCT_NAME = "$(TARGET_NAME)";
				SKIP_INSTALL = YES;
			};
			name = Debug;
		};
		A70884C11BA1F43300758049 /* Release */ = {
			isa = XCBuildConfiguration;
			buildSettings = {
				DEFINES_MODULE = YES;
				DYLIB_COMPATIBILITY_VERSION = 1;
				DYLIB_CURRENT_VERSION = 1;
				DYLIB_INSTALL_NAME_BASE = "@rpath";
				INFOPLIST_FILE = StomtiOS/Info.plist;
				INSTALL_PATH = "$(LOCAL_LIBRARY_DIR)/Frameworks";
				LD_RUNPATH_SEARCH_PATHS = "$(inherited) @executable_path/Frameworks @loader_path/Frameworks";
				PRODUCT_NAME = "$(TARGET_NAME)";
				SKIP_INSTALL = YES;
			};
			name = Release;
		};
		A70884C31BA1F43300758049 /* Debug */ = {
			isa = XCBuildConfiguration;
			buildSettings = {
				FRAMEWORK_SEARCH_PATHS = (
					"$(SDKROOT)/Developer/Library/Frameworks",
					"$(inherited)",
				);
				GCC_PREPROCESSOR_DEFINITIONS = (
					"DEBUG=1",
					"$(inherited)",
				);
				INFOPLIST_FILE = StomtiOSTests/Info.plist;
				LD_RUNPATH_SEARCH_PATHS = "$(inherited) @executable_path/Frameworks @loader_path/Frameworks";
				PRODUCT_NAME = "$(TARGET_NAME)";
			};
			name = Debug;
		};
		A70884C41BA1F43300758049 /* Release */ = {
			isa = XCBuildConfiguration;
			buildSettings = {
				FRAMEWORK_SEARCH_PATHS = (
					"$(SDKROOT)/Developer/Library/Frameworks",
					"$(inherited)",
				);
				INFOPLIST_FILE = StomtiOSTests/Info.plist;
				LD_RUNPATH_SEARCH_PATHS = "$(inherited) @executable_path/Frameworks @loader_path/Frameworks";
				PRODUCT_NAME = "$(TARGET_NAME)";
			};
			name = Release;
		};
/* End XCBuildConfiguration section */

/* Begin XCConfigurationList section */
		A70884A31BA1F43300758049 /* Build configuration list for PBXProject "StomtiOS" */ = {
			isa = XCConfigurationList;
			buildConfigurations = (
				A70884BD1BA1F43300758049 /* Debug */,
				A70884BE1BA1F43300758049 /* Release */,
			);
			defaultConfigurationIsVisible = 0;
			defaultConfigurationName = Release;
		};
		A70884BF1BA1F43300758049 /* Build configuration list for PBXNativeTarget "StomtiOS" */ = {
			isa = XCConfigurationList;
			buildConfigurations = (
				A70884C01BA1F43300758049 /* Debug */,
				A70884C11BA1F43300758049 /* Release */,
			);
			defaultConfigurationIsVisible = 0;
			defaultConfigurationName = Release;
		};
		A70884C21BA1F43300758049 /* Build configuration list for PBXNativeTarget "StomtiOSTests" */ = {
			isa = XCConfigurationList;
			buildConfigurations = (
				A70884C31BA1F43300758049 /* Debug */,
				A70884C41BA1F43300758049 /* Release */,
			);
			defaultConfigurationIsVisible = 0;
			defaultConfigurationName = Release;
		};
/* End XCConfigurationList section */
	};
	rootObject = A70884A01BA1F43300758049 /* Project object */;
}
